// !$*UTF8*$!
{
	archiveVersion = 1;
	classes = {
	};
	objectVersion = 56;
	objects = {

/* Begin PBXBuildFile section */
		F815D27A2C3C673F00569722 /* ContactDetailView.swift in Sources */ = {isa = PBXBuildFile; fileRef = F815D2792C3C673F00569722 /* ContactDetailView.swift */; };
		F82D7B572C4076E200987F03 /* Contact.swift in Sources */ = {isa = PBXBuildFile; fileRef = F82D7B562C4076E200987F03 /* Contact.swift */; };
		F83529182C43299100314FC1 /* SwiftDataContact.swift in Sources */ = {isa = PBXBuildFile; fileRef = F83529172C43299100314FC1 /* SwiftDataContact.swift */; };
		F83529362C44127100314FC1 /* CreateContactView.swift in Sources */ = {isa = PBXBuildFile; fileRef = F83529352C44127100314FC1 /* CreateContactView.swift */; };
		F84CA3352C5D344E0058E05B /* SwiftDataTimeSetInBackground.swift in Sources */ = {isa = PBXBuildFile; fileRef = F84CA3342C5D344E0058E05B /* SwiftDataTimeSetInBackground.swift */; };
		F8535DC82C5BF7E800D4F650 /* Localizable.xcstrings in Resources */ = {isa = PBXBuildFile; fileRef = F8535DC72C5BF7E800D4F650 /* Localizable.xcstrings */; };
		F8610A502C385D76003B2FA3 /* FtHangoutsApp.swift in Sources */ = {isa = PBXBuildFile; fileRef = F8610A4F2C385D76003B2FA3 /* FtHangoutsApp.swift */; };
		F8610A522C385D76003B2FA3 /* ContentView.swift in Sources */ = {isa = PBXBuildFile; fileRef = F8610A512C385D76003B2FA3 /* ContentView.swift */; };
		F8610A542C385D77003B2FA3 /* Assets.xcassets in Resources */ = {isa = PBXBuildFile; fileRef = F8610A532C385D77003B2FA3 /* Assets.xcassets */; };
		F8610A572C385D77003B2FA3 /* Preview Assets.xcassets in Resources */ = {isa = PBXBuildFile; fileRef = F8610A562C385D77003B2FA3 /* Preview Assets.xcassets */; };
		F8B136412C3EEC5900968ECA /* EditContactView.swift in Sources */ = {isa = PBXBuildFile; fileRef = F8B136402C3EEC5900968ECA /* EditContactView.swift */; };
		F8B136432C3F299800968ECA /* ContactsManager.swift in Sources */ = {isa = PBXBuildFile; fileRef = F8B136422C3F299800968ECA /* ContactsManager.swift */; };
/* End PBXBuildFile section */

/* Begin PBXFileReference section */
		F815D2792C3C673F00569722 /* ContactDetailView.swift */ = {isa = PBXFileReference; lastKnownFileType = sourcecode.swift; path = ContactDetailView.swift; sourceTree = "<group>"; };
		F82D7B562C4076E200987F03 /* Contact.swift */ = {isa = PBXFileReference; lastKnownFileType = sourcecode.swift; path = Contact.swift; sourceTree = "<group>"; };
		F83529172C43299100314FC1 /* SwiftDataContact.swift */ = {isa = PBXFileReference; lastKnownFileType = sourcecode.swift; path = SwiftDataContact.swift; sourceTree = "<group>"; };
		F83529352C44127100314FC1 /* CreateContactView.swift */ = {isa = PBXFileReference; fileEncoding = 4; lastKnownFileType = sourcecode.swift; path = CreateContactView.swift; sourceTree = "<group>"; };
		F84CA3342C5D344E0058E05B /* SwiftDataTimeSetInBackground.swift */ = {isa = PBXFileReference; lastKnownFileType = sourcecode.swift; path = SwiftDataTimeSetInBackground.swift; sourceTree = "<group>"; };
		F8535DC72C5BF7E800D4F650 /* Localizable.xcstrings */ = {isa = PBXFileReference; lastKnownFileType = text.json.xcstrings; path = Localizable.xcstrings; sourceTree = "<group>"; };
		F8610A4C2C385D76003B2FA3 /* FtHangouts.app */ = {isa = PBXFileReference; explicitFileType = wrapper.application; includeInIndex = 0; path = FtHangouts.app; sourceTree = BUILT_PRODUCTS_DIR; };
		F8610A4F2C385D76003B2FA3 /* FtHangoutsApp.swift */ = {isa = PBXFileReference; lastKnownFileType = sourcecode.swift; path = FtHangoutsApp.swift; sourceTree = "<group>"; };
		F8610A512C385D76003B2FA3 /* ContentView.swift */ = {isa = PBXFileReference; lastKnownFileType = sourcecode.swift; path = ContentView.swift; sourceTree = "<group>"; };
		F8610A532C385D77003B2FA3 /* Assets.xcassets */ = {isa = PBXFileReference; lastKnownFileType = folder.assetcatalog; path = Assets.xcassets; sourceTree = "<group>"; };
		F8610A562C385D77003B2FA3 /* Preview Assets.xcassets */ = {isa = PBXFileReference; lastKnownFileType = folder.assetcatalog; path = "Preview Assets.xcassets"; sourceTree = "<group>"; };
		F8B136402C3EEC5900968ECA /* EditContactView.swift */ = {isa = PBXFileReference; lastKnownFileType = sourcecode.swift; path = EditContactView.swift; sourceTree = "<group>"; };
		F8B136422C3F299800968ECA /* ContactsManager.swift */ = {isa = PBXFileReference; lastKnownFileType = sourcecode.swift; path = ContactsManager.swift; sourceTree = "<group>"; };
/* End PBXFileReference section */

/* Begin PBXFrameworksBuildPhase section */
		F8610A492C385D76003B2FA3 /* Frameworks */ = {
			isa = PBXFrameworksBuildPhase;
			buildActionMask = 2147483647;
			files = (
			);
			runOnlyForDeploymentPostprocessing = 0;
		};
/* End PBXFrameworksBuildPhase section */

/* Begin PBXGroup section */
		F83529162C43293B00314FC1 /* SwiftData */ = {
			isa = PBXGroup;
			children = (
				F83529172C43299100314FC1 /* SwiftDataContact.swift */,
				F84CA3342C5D344E0058E05B /* SwiftDataTimeSetInBackground.swift */,
			);
			path = SwiftData;
			sourceTree = "<group>";
		};
		F8610A432C385D76003B2FA3 = {
			isa = PBXGroup;
			children = (
				F8535DC72C5BF7E800D4F650 /* Localizable.xcstrings */,
				F8610A4E2C385D76003B2FA3 /* FtHangouts */,
				F8610A4D2C385D76003B2FA3 /* Products */,
			);
			sourceTree = "<group>";
		};
		F8610A4D2C385D76003B2FA3 /* Products */ = {
			isa = PBXGroup;
			children = (
				F8610A4C2C385D76003B2FA3 /* FtHangouts.app */,
			);
			name = Products;
			sourceTree = "<group>";
		};
		F8610A4E2C385D76003B2FA3 /* FtHangouts */ = {
			isa = PBXGroup;
			children = (
				F83529162C43293B00314FC1 /* SwiftData */,
				F8B136402C3EEC5900968ECA /* EditContactView.swift */,
				F83529352C44127100314FC1 /* CreateContactView.swift */,
				F8610A4F2C385D76003B2FA3 /* FtHangoutsApp.swift */,
				F8610A512C385D76003B2FA3 /* ContentView.swift */,
				F8610A532C385D77003B2FA3 /* Assets.xcassets */,
				F8610A552C385D77003B2FA3 /* Preview Content */,
				F815D2792C3C673F00569722 /* ContactDetailView.swift */,
				F8B136422C3F299800968ECA /* ContactsManager.swift */,
				F82D7B562C4076E200987F03 /* Contact.swift */,
			);
			path = FtHangouts;
			sourceTree = "<group>";
		};
		F8610A552C385D77003B2FA3 /* Preview Content */ = {
			isa = PBXGroup;
			children = (
				F8610A562C385D77003B2FA3 /* Preview Assets.xcassets */,
			);
			path = "Preview Content";
			sourceTree = "<group>";
		};
/* End PBXGroup section */

/* Begin PBXNativeTarget section */
		F8610A4B2C385D76003B2FA3 /* FtHangouts */ = {
			isa = PBXNativeTarget;
			buildConfigurationList = F8610A5A2C385D77003B2FA3 /* Build configuration list for PBXNativeTarget "FtHangouts" */;
			buildPhases = (
				F8610A482C385D76003B2FA3 /* Sources */,
				F8610A492C385D76003B2FA3 /* Frameworks */,
				F8610A4A2C385D76003B2FA3 /* Resources */,
			);
			buildRules = (
			);
			dependencies = (
			);
			name = FtHangouts;
			productName = FtHangouts;
			productReference = F8610A4C2C385D76003B2FA3 /* FtHangouts.app */;
			productType = "com.apple.product-type.application";
		};
/* End PBXNativeTarget section */

/* Begin PBXProject section */
		F8610A442C385D76003B2FA3 /* Project object */ = {
			isa = PBXProject;
			attributes = {
				BuildIndependentTargetsInParallel = 1;
				LastSwiftUpdateCheck = 1540;
				LastUpgradeCheck = 1540;
				TargetAttributes = {
					F8610A4B2C385D76003B2FA3 = {
						CreatedOnToolsVersion = 15.4;
					};
				};
			};
			buildConfigurationList = F8610A472C385D76003B2FA3 /* Build configuration list for PBXProject "FtHangouts" */;
			compatibilityVersion = "Xcode 14.0";
			developmentRegion = en;
			hasScannedForEncodings = 0;
			knownRegions = (
				en,
				Base,
				de,
			);
			mainGroup = F8610A432C385D76003B2FA3;
			productRefGroup = F8610A4D2C385D76003B2FA3 /* Products */;
			projectDirPath = "";
			projectRoot = "";
			targets = (
				F8610A4B2C385D76003B2FA3 /* FtHangouts */,
			);
		};
/* End PBXProject section */

/* Begin PBXResourcesBuildPhase section */
		F8610A4A2C385D76003B2FA3 /* Resources */ = {
			isa = PBXResourcesBuildPhase;
			buildActionMask = 2147483647;
			files = (
				F8610A572C385D77003B2FA3 /* Preview Assets.xcassets in Resources */,
				F8610A542C385D77003B2FA3 /* Assets.xcassets in Resources */,
				F8535DC82C5BF7E800D4F650 /* Localizable.xcstrings in Resources */,
			);
			runOnlyForDeploymentPostprocessing = 0;
		};
/* End PBXResourcesBuildPhase section */

/* Begin PBXSourcesBuildPhase section */
		F8610A482C385D76003B2FA3 /* Sources */ = {
			isa = PBXSourcesBuildPhase;
			buildActionMask = 2147483647;
			files = (
				F82D7B572C4076E200987F03 /* Contact.swift in Sources */,
				F815D27A2C3C673F00569722 /* ContactDetailView.swift in Sources */,
				F8B136432C3F299800968ECA /* ContactsManager.swift in Sources */,
				F8B136412C3EEC5900968ECA /* EditContactView.swift in Sources */,
				F84CA3352C5D344E0058E05B /* SwiftDataTimeSetInBackground.swift in Sources */,
				F8610A522C385D76003B2FA3 /* ContentView.swift in Sources */,
				F83529362C44127100314FC1 /* CreateContactView.swift in Sources */,
				F8610A502C385D76003B2FA3 /* FtHangoutsApp.swift in Sources */,
				F83529182C43299100314FC1 /* SwiftDataContact.swift in Sources */,
			);
			runOnlyForDeploymentPostprocessing = 0;
		};
/* End PBXSourcesBuildPhase section */

/* Begin XCBuildConfiguration section */
		F8610A582C385D77003B2FA3 /* Debug */ = {
			isa = XCBuildConfiguration;
			buildSettings = {
				ALWAYS_SEARCH_USER_PATHS = NO;
				ASSETCATALOG_COMPILER_GENERATE_SWIFT_ASSET_SYMBOL_EXTENSIONS = YES;
				CLANG_ANALYZER_NONNULL = YES;
				CLANG_ANALYZER_NUMBER_OBJECT_CONVERSION = YES_AGGRESSIVE;
				CLANG_CXX_LANGUAGE_STANDARD = "gnu++20";
				CLANG_ENABLE_MODULES = YES;
				CLANG_ENABLE_OBJC_ARC = YES;
				CLANG_ENABLE_OBJC_WEAK = YES;
				CLANG_WARN_BLOCK_CAPTURE_AUTORELEASING = YES;
				CLANG_WARN_BOOL_CONVERSION = YES;
				CLANG_WARN_COMMA = YES;
				CLANG_WARN_CONSTANT_CONVERSION = YES;
				CLANG_WARN_DEPRECATED_OBJC_IMPLEMENTATIONS = YES;
				CLANG_WARN_DIRECT_OBJC_ISA_USAGE = YES_ERROR;
				CLANG_WARN_DOCUMENTATION_COMMENTS = YES;
				CLANG_WARN_EMPTY_BODY = YES;
				CLANG_WARN_ENUM_CONVERSION = YES;
				CLANG_WARN_INFINITE_RECURSION = YES;
				CLANG_WARN_INT_CONVERSION = YES;
				CLANG_WARN_NON_LITERAL_NULL_CONVERSION = YES;
				CLANG_WARN_OBJC_IMPLICIT_RETAIN_SELF = YES;
				CLANG_WARN_OBJC_LITERAL_CONVERSION = YES;
				CLANG_WARN_OBJC_ROOT_CLASS = YES_ERROR;
				CLANG_WARN_QUOTED_INCLUDE_IN_FRAMEWORK_HEADER = YES;
				CLANG_WARN_RANGE_LOOP_ANALYSIS = YES;
				CLANG_WARN_STRICT_PROTOTYPES = YES;
				CLANG_WARN_SUSPICIOUS_MOVE = YES;
				CLANG_WARN_UNGUARDED_AVAILABILITY = YES_AGGRESSIVE;
				CLANG_WARN_UNREACHABLE_CODE = YES;
				CLANG_WARN__DUPLICATE_METHOD_MATCH = YES;
				COPY_PHASE_STRIP = NO;
				DEBUG_INFORMATION_FORMAT = dwarf;
				ENABLE_STRICT_OBJC_MSGSEND = YES;
				ENABLE_TESTABILITY = YES;
				ENABLE_USER_SCRIPT_SANDBOXING = YES;
				GCC_C_LANGUAGE_STANDARD = gnu17;
				GCC_DYNAMIC_NO_PIC = NO;
				GCC_NO_COMMON_BLOCKS = YES;
				GCC_OPTIMIZATION_LEVEL = 0;
				GCC_PREPROCESSOR_DEFINITIONS = (
					"DEBUG=1",
					"$(inherited)",
				);
				GCC_WARN_64_TO_32_BIT_CONVERSION = YES;
				GCC_WARN_ABOUT_RETURN_TYPE = YES_ERROR;
				GCC_WARN_UNDECLARED_SELECTOR = YES;
				GCC_WARN_UNINITIALIZED_AUTOS = YES_AGGRESSIVE;
				GCC_WARN_UNUSED_FUNCTION = YES;
				GCC_WARN_UNUSED_VARIABLE = YES;
				IPHONEOS_DEPLOYMENT_TARGET = 17.5;
				LOCALIZATION_PREFERS_STRING_CATALOGS = YES;
				MTL_ENABLE_DEBUG_INFO = INCLUDE_SOURCE;
				MTL_FAST_MATH = YES;
				ONLY_ACTIVE_ARCH = YES;
				SDKROOT = iphoneos;
				SWIFT_ACTIVE_COMPILATION_CONDITIONS = "DEBUG $(inherited)";
				SWIFT_OPTIMIZATION_LEVEL = "-Onone";
			};
			name = Debug;
		};
		F8610A592C385D77003B2FA3 /* Release */ = {
			isa = XCBuildConfiguration;
			buildSettings = {
				ALWAYS_SEARCH_USER_PATHS = NO;
				ASSETCATALOG_COMPILER_GENERATE_SWIFT_ASSET_SYMBOL_EXTENSIONS = YES;
				CLANG_ANALYZER_NONNULL = YES;
				CLANG_ANALYZER_NUMBER_OBJECT_CONVERSION = YES_AGGRESSIVE;
				CLANG_CXX_LANGUAGE_STANDARD = "gnu++20";
				CLANG_ENABLE_MODULES = YES;
				CLANG_ENABLE_OBJC_ARC = YES;
				CLANG_ENABLE_OBJC_WEAK = YES;
				CLANG_WARN_BLOCK_CAPTURE_AUTORELEASING = YES;
				CLANG_WARN_BOOL_CONVERSION = YES;
				CLANG_WARN_COMMA = YES;
				CLANG_WARN_CONSTANT_CONVERSION = YES;
				CLANG_WARN_DEPRECATED_OBJC_IMPLEMENTATIONS = YES;
				CLANG_WARN_DIRECT_OBJC_ISA_USAGE = YES_ERROR;
				CLANG_WARN_DOCUMENTATION_COMMENTS = YES;
				CLANG_WARN_EMPTY_BODY = YES;
				CLANG_WARN_ENUM_CONVERSION = YES;
				CLANG_WARN_INFINITE_RECURSION = YES;
				CLANG_WARN_INT_CONVERSION = YES;
				CLANG_WARN_NON_LITERAL_NULL_CONVERSION = YES;
				CLANG_WARN_OBJC_IMPLICIT_RETAIN_SELF = YES;
				CLANG_WARN_OBJC_LITERAL_CONVERSION = YES;
				CLANG_WARN_OBJC_ROOT_CLASS = YES_ERROR;
				CLANG_WARN_QUOTED_INCLUDE_IN_FRAMEWORK_HEADER = YES;
				CLANG_WARN_RANGE_LOOP_ANALYSIS = YES;
				CLANG_WARN_STRICT_PROTOTYPES = YES;
				CLANG_WARN_SUSPICIOUS_MOVE = YES;
				CLANG_WARN_UNGUARDED_AVAILABILITY = YES_AGGRESSIVE;
				CLANG_WARN_UNREACHABLE_CODE = YES;
				CLANG_WARN__DUPLICATE_METHOD_MATCH = YES;
				COPY_PHASE_STRIP = NO;
				DEBUG_INFORMATION_FORMAT = "dwarf-with-dsym";
				ENABLE_NS_ASSERTIONS = NO;
				ENABLE_STRICT_OBJC_MSGSEND = YES;
				ENABLE_USER_SCRIPT_SANDBOXING = YES;
				GCC_C_LANGUAGE_STANDARD = gnu17;
				GCC_NO_COMMON_BLOCKS = YES;
				GCC_WARN_64_TO_32_BIT_CONVERSION = YES;
				GCC_WARN_ABOUT_RETURN_TYPE = YES_ERROR;
				GCC_WARN_UNDECLARED_SELECTOR = YES;
				GCC_WARN_UNINITIALIZED_AUTOS = YES_AGGRESSIVE;
				GCC_WARN_UNUSED_FUNCTION = YES;
				GCC_WARN_UNUSED_VARIABLE = YES;
				IPHONEOS_DEPLOYMENT_TARGET = 17.5;
				LOCALIZATION_PREFERS_STRING_CATALOGS = YES;
				MTL_ENABLE_DEBUG_INFO = NO;
				MTL_FAST_MATH = YES;
				SDKROOT = iphoneos;
				SWIFT_COMPILATION_MODE = wholemodule;
				VALIDATE_PRODUCT = YES;
			};
			name = Release;
		};
		F8610A5B2C385D77003B2FA3 /* Debug */ = {
			isa = XCBuildConfiguration;
			buildSettings = {
				ASSETCATALOG_COMPILER_APPICON_NAME = AppIcon;
				ASSETCATALOG_COMPILER_GLOBAL_ACCENT_COLOR_NAME = AccentColor;
				CODE_SIGN_STYLE = Automatic;
				CURRENT_PROJECT_VERSION = 1;
				DEVELOPMENT_ASSET_PATHS = "\"FtHangouts/Preview Content\"";
				DEVELOPMENT_TEAM = ZBGDQF627X;
				ENABLE_PREVIEWS = YES;
				GENERATE_INFOPLIST_FILE = YES;
				INFOPLIST_KEY_UIApplicationSceneManifest_Generation = YES;
				INFOPLIST_KEY_UIApplicationSupportsIndirectInputEvents = YES;
				INFOPLIST_KEY_UILaunchScreen_Generation = YES;
				INFOPLIST_KEY_UISupportedInterfaceOrientations_iPad = "UIInterfaceOrientationPortrait UIInterfaceOrientationPortraitUpsideDown UIInterfaceOrientationLandscapeLeft UIInterfaceOrientationLandscapeRight";
				INFOPLIST_KEY_UISupportedInterfaceOrientations_iPhone = "UIInterfaceOrientationPortrait UIInterfaceOrientationLandscapeLeft UIInterfaceOrientationLandscapeRight";
				LD_RUNPATH_SEARCH_PATHS = (
					"$(inherited)",
					"@executable_path/Frameworks",
				);
				MARKETING_VERSION = 1.0;
				PRODUCT_BUNDLE_IDENTIFIER = ugoi.FtHangouts;
				PRODUCT_NAME = "$(TARGET_NAME)";
				SWIFT_EMIT_LOC_STRINGS = YES;
				SWIFT_VERSION = 5.0;
				TARGETED_DEVICE_FAMILY = "1,2";
			};
			name = Debug;
		};
		F8610A5C2C385D77003B2FA3 /* Release */ = {
			isa = XCBuildConfiguration;
			buildSettings = {
				ASSETCATALOG_COMPILER_APPICON_NAME = AppIcon;
				ASSETCATALOG_COMPILER_GLOBAL_ACCENT_COLOR_NAME = AccentColor;
				CODE_SIGN_STYLE = Automatic;
				CURRENT_PROJECT_VERSION = 1;
				DEVELOPMENT_ASSET_PATHS = "\"FtHangouts/Preview Content\"";
				DEVELOPMENT_TEAM = ZBGDQF627X;
				ENABLE_PREVIEWS = YES;
				GENERATE_INFOPLIST_FILE = YES;
				INFOPLIST_KEY_UIApplicationSceneManifest_Generation = YES;
				INFOPLIST_KEY_UIApplicationSupportsIndirectInputEvents = YES;
				INFOPLIST_KEY_UILaunchScreen_Generation = YES;
				INFOPLIST_KEY_UISupportedInterfaceOrientations_iPad = "UIInterfaceOrientationPortrait UIInterfaceOrientationPortraitUpsideDown UIInterfaceOrientationLandscapeLeft UIInterfaceOrientationLandscapeRight";
				INFOPLIST_KEY_UISupportedInterfaceOrientations_iPhone = "UIInterfaceOrientationPortrait UIInterfaceOrientationLandscapeLeft UIInterfaceOrientationLandscapeRight";
				LD_RUNPATH_SEARCH_PATHS = (
					"$(inherited)",
					"@executable_path/Frameworks",
				);
				MARKETING_VERSION = 1.0;
				PRODUCT_BUNDLE_IDENTIFIER = ugoi.FtHangouts;
				PRODUCT_NAME = "$(TARGET_NAME)";
				SWIFT_EMIT_LOC_STRINGS = YES;
				SWIFT_VERSION = 5.0;
				TARGETED_DEVICE_FAMILY = "1,2";
			};
			name = Release;
		};
/* End XCBuildConfiguration section */

/* Begin XCConfigurationList section */
		F8610A472C385D76003B2FA3 /* Build configuration list for PBXProject "FtHangouts" */ = {
			isa = XCConfigurationList;
			buildConfigurations = (
				F8610A582C385D77003B2FA3 /* Debug */,
				F8610A592C385D77003B2FA3 /* Release */,
			);
			defaultConfigurationIsVisible = 0;
			defaultConfigurationName = Release;
		};
		F8610A5A2C385D77003B2FA3 /* Build configuration list for PBXNativeTarget "FtHangouts" */ = {
			isa = XCConfigurationList;
			buildConfigurations = (
				F8610A5B2C385D77003B2FA3 /* Debug */,
				F8610A5C2C385D77003B2FA3 /* Release */,
			);
			defaultConfigurationIsVisible = 0;
			defaultConfigurationName = Release;
		};
/* End XCConfigurationList section */
	};
	rootObject = F8610A442C385D76003B2FA3 /* Project object */;
}
